
Microsoft Visual Studio Solution File, Format Version 12.00
# Visual Studio 15
VisualStudioVersion = 15.0.28307.645
MinimumVisualStudioVersion = 10.0.40219.1
Project("{FAE04EC0-301F-11D3-BF4B-00C04F79EFBC}") = "DbToConsolePrinter", "DbToConsolePrinter\DbToConsolePrinter.csproj", "{CAB7EDC0-02A2-4415-BF85-D12F39BCBA68}"
EndProject
Project("{FAE04EC0-301F-11D3-BF4B-00C04F79EFBC}") = "DbToConsolePrinterUnitTESTS", "DbToConsolePrinterUnitTESTS\DbToConsolePrinterUnitTESTS.csproj", "{F333EA95-D554-498F-9B70-54783640D9D1}"
EndProject
Global
	GlobalSection(SolutionConfigurationPlatforms) = preSolution
		Debug|Any CPU = Debug|Any CPU
		Release|Any CPU = Release|Any CPU
	EndGlobalSection
	GlobalSection(ProjectConfigurationPlatforms) = postSolution
		{CAB7EDC0-02A2-4415-BF85-D12F39BCBA68}.Debug|Any CPU.ActiveCfg = Debug|Any CPU
		{CAB7EDC0-02A2-4415-BF85-D12F39BCBA68}.Debug|Any CPU.Build.0 = Debug|Any CPU
		{CAB7EDC0-02A2-4415-BF85-D12F39BCBA68}.Release|Any CPU.ActiveCfg = Release|Any CPU
		{CAB7EDC0-02A2-4415-BF85-D12F39BCBA68}.Release|Any CPU.Build.0 = Release|Any CPU
		{F333EA95-D554-498F-9B70-54783640D9D1}.Debug|Any CPU.ActiveCfg = Debug|Any CPU
		{F333EA95-D554-498F-9B70-54783640D9D1}.Debug|Any CPU.Build.0 = Debug|Any CPU
		{F333EA95-D554-498F-9B70-54783640D9D1}.Release|Any CPU.ActiveCfg = Release|Any CPU
		{F333EA95-D554-498F-9B70-54783640D9D1}.Release|Any CPU.Build.0 = Release|Any CPU
	EndGlobalSection
	GlobalSection(SolutionProperties) = preSolution
		HideSolutionNode = FALSE
	EndGlobalSection
	GlobalSection(ExtensibilityGlobals) = postSolution
		SolutionGuid = {CFFEB269-0E70-49AC-9D9D-6C165C379C5D}
	EndGlobalSection
EndGlobal
